
Microsoft Visual Studio Solution File, Format Version 12.00
# Visual Studio 14
VisualStudioVersion = 14.0.24720.0
MinimumVisualStudioVersion = 10.0.40219.1
Project("{FAE04EC0-301F-11D3-BF4B-00C04F79EFBC}") = "StudentInfo", "StudentInfo\StudentInfo.csproj", "{4FDC72B0-C327-4031-A943-845F2979194A}"
EndProject
Project("{FAE04EC0-301F-11D3-BF4B-00C04F79EFBC}") = "StudenttRegistrationForm", "StudenttRegistrationForm\StudenttRegistrationForm.csproj", "{708D15E6-F57A-4155-B21C-45CC903C07AA}"
EndProject
Global
	GlobalSection(SolutionConfigurationPlatforms) = preSolution
		Debug|Any CPU = Debug|Any CPU
		Release|Any CPU = Release|Any CPU
	EndGlobalSection
	GlobalSection(ProjectConfigurationPlatforms) = postSolution
		{4FDC72B0-C327-4031-A943-845F2979194A}.Debug|Any CPU.ActiveCfg = Debug|Any CPU
		{4FDC72B0-C327-4031-A943-845F2979194A}.Debug|Any CPU.Build.0 = Debug|Any CPU
		{4FDC72B0-C327-4031-A943-845F2979194A}.Release|Any CPU.ActiveCfg = Release|Any CPU
		{4FDC72B0-C327-4031-A943-845F2979194A}.Release|Any CPU.Build.0 = Release|Any CPU
		{708D15E6-F57A-4155-B21C-45CC903C07AA}.Debug|Any CPU.ActiveCfg = Debug|Any CPU
		{708D15E6-F57A-4155-B21C-45CC903C07AA}.Debug|Any CPU.Build.0 = Debug|Any CPU
		{708D15E6-F57A-4155-B21C-45CC903C07AA}.Release|Any CPU.ActiveCfg = Release|Any CPU
		{708D15E6-F57A-4155-B21C-45CC903C07AA}.Release|Any CPU.Build.0 = Release|Any CPU
	EndGlobalSection
	GlobalSection(SolutionProperties) = preSolution
		HideSolutionNode = FALSE
	EndGlobalSection
EndGlobal
